<?xml version="1.0" encoding="utf-8"?>
<Project ToolsVersion="4.0" xmlns="http://schemas.microsoft.com/developer/msbuild/2003">
  <ItemGroup>
    <Filter Include="Audio">
      <UniqueIdentifier>{4a377065-a847-44b3-b65d-d9f5a288db0f}</UniqueIdentifier>
    </Filter>
    <Filter Include="Font">
      <UniqueIdentifier>{b4f134e2-5a1b-4266-aa76-3a070a7d9af3}</UniqueIdentifier>
    </Filter>
    <Filter Include="Graphics">
      <UniqueIdentifier>{2d77ccd4-56bb-44a3-9336-8035af8bc05c}</UniqueIdentifier>
    </Filter>
    <Filter Include="Graphics\GUI">
      <UniqueIdentifier>{535a86f7-2e88-4116-abdf-08493a737a99}</UniqueIdentifier>
    </Filter>
    <Filter Include="Graphics\Lighting">
      <UniqueIdentifier>{4df093ff-b6c4-4b17-a057-e6575863c49b}</UniqueIdentifier>
    </Filter>
    <Filter Include="Graphics\Lowlevel">
      <UniqueIdentifier>{034ec214-4380-43ba-86db-b3411324c8a1}</UniqueIdentifier>
    </Filter>
    <Filter Include="Graphics\Shaders">
      <UniqueIdentifier>{454f1d0b-0768-4549-8cfc-3d33c150d90d}</UniqueIdentifier>
    </Filter>
    <Filter Include="Graphics\Shadows">
      <UniqueIdentifier>{dda59335-f55e-41e6-aeca-649c6ce580d6}</UniqueIdentifier>
    </Filter>
    <Filter Include="Input">
      <UniqueIdentifier>{3288baff-120e-43f6-8037-0995dabb85e8}</UniqueIdentifier>
    </Filter>
    <Filter Include="LodePng">
      <UniqueIdentifier>{eacc2802-e7df-47c3-8a3b-4ac8398a9982}</UniqueIdentifier>
    </Filter>
    <Filter Include="Logic\Collision">
      <UniqueIdentifier>{4acf23e1-46f5-43ad-baad-998331b357b3}</UniqueIdentifier>
    </Filter>
    <Filter Include="Logic">
      <UniqueIdentifier>{d69ea688-fb9a-48c7-ba81-5862ac3ecb09}</UniqueIdentifier>
    </Filter>
    <Filter Include="Logic\GameState">
      <UniqueIdentifier>{43b7f64e-5e45-4dfe-b4fa-b4f15d36e829}</UniqueIdentifier>
    </Filter>
    <Filter Include="Logic\GameState\States">
      <UniqueIdentifier>{c7a71816-e047-4170-ad54-b5ea140e74b3}</UniqueIdentifier>
    </Filter>
    <Filter Include="Logic\Inventory">
      <UniqueIdentifier>{2e185678-a4df-4ec1-b70f-1445c4be78de}</UniqueIdentifier>
    </Filter>
    <Filter Include="Logic\Weapons">
      <UniqueIdentifier>{696f9142-c932-4c76-81c3-62087ec63a23}</UniqueIdentifier>
    </Filter>
    <Filter Include="Tmx\base64">
      <UniqueIdentifier>{38a7c547-79c1-48df-97cd-00ed357eb966}</UniqueIdentifier>
    </Filter>
    <Filter Include="Tmx">
      <UniqueIdentifier>{f94d2f47-90f3-4ae7-b328-9113fa4c30cb}</UniqueIdentifier>
    </Filter>
    <Filter Include="Tmx\tinyxml">
      <UniqueIdentifier>{4b1d2c02-069f-42fa-8bf2-84fc873ee55d}</UniqueIdentifier>
    </Filter>
    <Filter Include="Tmx\zlib">
      <UniqueIdentifier>{75324b0c-d2aa-41df-934c-adeb04fc28b7}</UniqueIdentifier>
    </Filter>
    <Filter Include="Utils">
      <UniqueIdentifier>{25b9796e-c802-45d8-8399-1440df535435}</UniqueIdentifier>
    </Filter>
  </ItemGroup>
  <ItemGroup>
    <ClCompile Include="..\br\Audio\AudioMaster.cpp">
      <Filter>Audio</Filter>
    </ClCompile>
    <ClCompile Include="..\br\Audio\AudioSource.cpp">
      <Filter>Audio</Filter>
    </ClCompile>
    <ClCompile Include="..\br\Font\FontRenderer.cpp">
      <Filter>Font</Filter>
    </ClCompile>
    <ClCompile Include="..\br\Font\Text.cpp">
      <Filter>Font</Filter>
    </ClCompile>
    <ClCompile Include="..\br\Graphics\Camera.cpp">
      <Filter>Graphics</Filter>
    </ClCompile>
    <ClCompile Include="..\br\Graphics\GUI\Button.cpp">
      <Filter>Graphics\GUI</Filter>
    </ClCompile>
    <ClCompile Include="..\br\Graphics\GUI\CheckBox.cpp">
      <Filter>Graphics\GUI</Filter>
    </ClCompile>
    <ClCompile Include="..\br\Graphics\GUI\GUIElement.cpp">
      <Filter>Graphics\GUI</Filter>
    </ClCompile>
    <ClCompile Include="..\br\Graphics\GUI\Slider.cpp">
      <Filter>Graphics\GUI</Filter>
    </ClCompile>
    <ClCompile Include="..\br\Graphics\Lighting\LightHandler.cpp">
      <Filter>Graphics\Lighting</Filter>
    </ClCompile>
    <ClCompile Include="..\br\Graphics\Lowlevel\DynamicLevelVao.cpp">
      <Filter>Graphics\Lowlevel</Filter>
    </ClCompile>
    <ClCompile Include="..\br\Graphics\Lowlevel\Fbo.cpp">
      <Filter>Graphics\Lowlevel</Filter>
    </ClCompile>
    <ClCompile Include="..\br\Graphics\Lowlevel\IndexedVertexArray.cpp">
      <Filter>Graphics\Lowlevel</Filter>
    </ClCompile>
    <ClCompile Include="..\br\Graphics\Lowlevel\Texture.cpp">
      <Filter>Graphics\Lowlevel</Filter>
    </ClCompile>
    <ClCompile Include="..\br\Graphics\Lowlevel\VertexArray.cpp">
      <Filter>Graphics\Lowlevel</Filter>
    </ClCompile>
    <ClCompile Include="..\br\Graphics\Shaders\Shader.cpp">
      <Filter>Graphics\Shaders</Filter>
    </ClCompile>
    <ClCompile Include="..\br\Graphics\Shaders\ShaderHandler.cpp">
      <Filter>Graphics\Shaders</Filter>
    </ClCompile>
    <ClCompile Include="..\br\Graphics\Shadows\ShadowCasterTexture.cpp">
      <Filter>Graphics\Shadows</Filter>
    </ClCompile>
    <ClCompile Include="..\br\Graphics\Shadows\ShadowHandler.cpp">
      <Filter>Graphics\Shadows</Filter>
    </ClCompile>
    <ClCompile Include="..\br\Graphics\Shadows\ShadowMap.cpp">
      <Filter>Graphics\Shadows</Filter>
    </ClCompile>
    <ClCompile Include="..\br\Input\KeyInput.cpp">
      <Filter>Input</Filter>
    </ClCompile>
    <ClCompile Include="..\br\Input\MouseButtonInput.cpp">
      <Filter>Input</Filter>
    </ClCompile>
    <ClCompile Include="..\br\Input\MousePosInput.cpp">
      <Filter>Input</Filter>
    </ClCompile>
    <ClCompile Include="..\br\LodePng\lodepng.cpp">
      <Filter>LodePng</Filter>
    </ClCompile>
    <ClCompile Include="..\br\Logic\Collision\CollisionBox.cpp">
      <Filter>Logic\Collision</Filter>
    </ClCompile>
    <ClCompile Include="..\br\Logic\Collision\CollisionHandler.cpp">
      <Filter>Logic\Collision</Filter>
    </ClCompile>
    <ClCompile Include="..\br\Logic\DrawableEntity.cpp">
      <Filter>Logic</Filter>
    </ClCompile>
    <ClCompile Include="..\br\Logic\GameState\Application.cpp">
      <Filter>Logic\GameState</Filter>
    </ClCompile>
    <ClCompile Include="..\br\Logic\GameState\State.cpp">
      <Filter>Logic\GameState</Filter>
    </ClCompile>
    <ClCompile Include="..\br\Logic\GameState\StateMachine.cpp">
      <Filter>Logic\GameState</Filter>
    </ClCompile>
    <ClCompile Include="..\br\Logic\GameState\States\GameState.cpp">
      <Filter>Logic\GameState\States</Filter>
    </ClCompile>
    <ClCompile Include="..\br\Logic\GameState\States\MainMenu.cpp">
      <Filter>Logic\GameState\States</Filter>
    </ClCompile>
    <ClCompile Include="..\br\Logic\GameState\States\OptionMenu.cpp">
      <Filter>Logic\GameState\States</Filter>
    </ClCompile>
    <ClCompile Include="..\br\Logic\GameState\States\OverState.cpp">
      <Filter>Logic\GameState\States</Filter>
    </ClCompile>
    <ClCompile Include="..\br\Logic\Inventory\Inventory.cpp">
      <Filter>Logic\Inventory</Filter>
    </ClCompile>
    <ClCompile Include="..\br\Logic\Inventory\InventoryItem.cpp">
      <Filter>Logic\Inventory</Filter>
    </ClCompile>
    <ClCompile Include="..\br\Logic\Level.cpp">
      <Filter>Logic</Filter>
    </ClCompile>
    <ClCompile Include="..\br\Logic\Player.cpp">
      <Filter>Logic</Filter>
    </ClCompile>
    <ClCompile Include="..\br\Logic\Weapons\Ammunition.cpp">
      <Filter>Logic\Weapons</Filter>
    </ClCompile>
    <ClCompile Include="..\br\Logic\Weapons\AssaultRifle.cpp">
      <Filter>Logic\Weapons</Filter>
    </ClCompile>
    <ClCompile Include="..\br\Logic\Weapons\Bullet.cpp">
      <Filter>Logic\Weapons</Filter>
    </ClCompile>
    <ClCompile Include="..\br\Logic\Weapons\Weapon.cpp">
      <Filter>Logic\Weapons</Filter>
    </ClCompile>
    <ClCompile Include="..\br\Tmx\base64\base64.cpp">
      <Filter>Tmx\base64</Filter>
    </ClCompile>
    <ClCompile Include="..\br\Tmx\miniz.c">
      <Filter>Tmx</Filter>
    </ClCompile>
    <ClCompile Include="..\br\Tmx\tinyxml\tinyxml2.cpp">
      <Filter>Tmx\tinyxml</Filter>
    </ClCompile>
    <ClCompile Include="..\br\Tmx\TmxEllipse.cpp">
      <Filter>Tmx</Filter>
    </ClCompile>
    <ClCompile Include="..\br\Tmx\TmxImage.cpp">
      <Filter>Tmx</Filter>
    </ClCompile>
    <ClCompile Include="..\br\Tmx\TmxImageLayer.cpp">
      <Filter>Tmx</Filter>
    </ClCompile>
    <ClCompile Include="..\br\Tmx\TmxLayer.cpp">
      <Filter>Tmx</Filter>
    </ClCompile>
    <ClCompile Include="..\br\Tmx\TmxMap.cpp">
      <Filter>Tmx</Filter>
    </ClCompile>
    <ClCompile Include="..\br\Tmx\TmxObject.cpp">
      <Filter>Tmx</Filter>
    </ClCompile>
    <ClCompile Include="..\br\Tmx\TmxObjectGroup.cpp">
      <Filter>Tmx</Filter>
    </ClCompile>
    <ClCompile Include="..\br\Tmx\TmxPolygon.cpp">
      <Filter>Tmx</Filter>
    </ClCompile>
    <ClCompile Include="..\br\Tmx\TmxPolyline.cpp">
      <Filter>Tmx</Filter>
    </ClCompile>
    <ClCompile Include="..\br\Tmx\TmxPropertySet.cpp">
      <Filter>Tmx</Filter>
    </ClCompile>
    <ClCompile Include="..\br\Tmx\TmxTerrain.cpp">
      <Filter>Tmx</Filter>
    </ClCompile>
    <ClCompile Include="..\br\Tmx\TmxTerrainArray.cpp">
      <Filter>Tmx</Filter>
    </ClCompile>
    <ClCompile Include="..\br\Tmx\TmxTile.cpp">
      <Filter>Tmx</Filter>
    </ClCompile>
    <ClCompile Include="..\br\Tmx\TmxTileLayer.cpp">
      <Filter>Tmx</Filter>
    </ClCompile>
    <ClCompile Include="..\br\Tmx\TmxTileOffset.cpp">
      <Filter>Tmx</Filter>
    </ClCompile>
    <ClCompile Include="..\br\Tmx\TmxTileset.cpp">
      <Filter>Tmx</Filter>
    </ClCompile>
    <ClCompile Include="..\br\Tmx\TmxUtil.cpp">
      <Filter>Tmx</Filter>
    </ClCompile>
    <ClCompile Include="..\br\Tmx\zlib\adler32.c">
      <Filter>Tmx\zlib</Filter>
    </ClCompile>
    <ClCompile Include="..\br\Tmx\zlib\compress.c">
      <Filter>Tmx\zlib</Filter>
    </ClCompile>
    <ClCompile Include="..\br\Tmx\zlib\crc32.c">
      <Filter>Tmx\zlib</Filter>
    </ClCompile>
    <ClCompile Include="..\br\Tmx\zlib\deflate.c">
      <Filter>Tmx\zlib</Filter>
    </ClCompile>
    <ClCompile Include="..\br\Tmx\zlib\gzio.c">
      <Filter>Tmx\zlib</Filter>
    </ClCompile>
    <ClCompile Include="..\br\Tmx\zlib\infback.c">
      <Filter>Tmx\zlib</Filter>
    </ClCompile>
    <ClCompile Include="..\br\Tmx\zlib\inffast.c">
      <Filter>Tmx\zlib</Filter>
    </ClCompile>
    <ClCompile Include="..\br\Tmx\zlib\inflate.c">
      <Filter>Tmx\zlib</Filter>
    </ClCompile>
    <ClCompile Include="..\br\Tmx\zlib\inftrees.c">
      <Filter>Tmx\zlib</Filter>
    </ClCompile>
    <ClCompile Include="..\br\Tmx\zlib\trees.c">
      <Filter>Tmx\zlib</Filter>
    </ClCompile>
    <ClCompile Include="..\br\Tmx\zlib\uncompr.c">
      <Filter>Tmx\zlib</Filter>
    </ClCompile>
    <ClCompile Include="..\br\Tmx\zlib\zlib-dllversion.c">
      <Filter>Tmx\zlib</Filter>
    </ClCompile>
    <ClCompile Include="..\br\Tmx\zlib\zutil.c">
      <Filter>Tmx\zlib</Filter>
    </ClCompile>
    <ClCompile Include="..\br\Utils\ConfigUtils.cpp">
      <Filter>Utils</Filter>
    </ClCompile>
    <ClCompile Include="..\br\Utils\GraphicsUtils.cpp">
      <Filter>Utils</Filter>
    </ClCompile>
    <ClCompile Include="..\br\Utils\LevelUtils.cpp">
      <Filter>Utils</Filter>
    </ClCompile>
    <ClCompile Include="..\br\Utils\MathUtils.cpp">
      <Filter>Utils</Filter>
    </ClCompile>
    <ClCompile Include="..\br\Utils\ResourceHandler.cpp">
      <Filter>Utils</Filter>
    </ClCompile>
    <ClCompile Include="..\br\Utils\ShaderUtils.cpp">
      <Filter>Utils</Filter>
    </ClCompile>
    <ClCompile Include="..\br\Utils\Timer.cpp">
      <Filter>Utils</Filter>
    </ClCompile>
    <ClCompile Include="..\br\main.cpp" />
  </ItemGroup>
  <ItemGroup>
    <ClInclude Include="..\br\Audio\AudioMaster.h">
      <Filter>Audio</Filter>
    </ClInclude>
    <ClInclude Include="..\br\Audio\AudioSource.h">
      <Filter>Audio</Filter>
    </ClInclude>
    <ClInclude Include="..\br\Font\FontRenderer.h">
      <Filter>Font</Filter>
    </ClInclude>
    <ClInclude Include="..\br\Font\Text.h">
      <Filter>Font</Filter>
    </ClInclude>
    <ClInclude Include="..\br\Graphics\Camera.h">
      <Filter>Graphics</Filter>
    </ClInclude>
    <ClInclude Include="..\br\Graphics\GUI\Button.h">
      <Filter>Graphics\GUI</Filter>
    </ClInclude>
    <ClInclude Include="..\br\Graphics\GUI\CheckBox.h">
      <Filter>Graphics\GUI</Filter>
    </ClInclude>
    <ClInclude Include="..\br\Graphics\GUI\GUIElement.h">
      <Filter>Graphics\GUI</Filter>
    </ClInclude>
    <ClInclude Include="..\br\Graphics\GUI\Slider.h">
      <Filter>Graphics\GUI</Filter>
    </ClInclude>
    <ClInclude Include="..\br\Graphics\Lighting\LightHandler.h">
      <Filter>Graphics\Lighting</Filter>
    </ClInclude>
    <ClInclude Include="..\br\Graphics\Lowlevel\DynamicLevelVao.h">
      <Filter>Graphics\Lowlevel</Filter>
    </ClInclude>
    <ClInclude Include="..\br\Graphics\Lowlevel\Fbo.h">
      <Filter>Graphics\Lowlevel</Filter>
    </ClInclude>
    <ClInclude Include="..\br\Graphics\Lowlevel\IndexedVertexArray.h">
      <Filter>Graphics\Lowlevel</Filter>
    </ClInclude>
    <ClInclude Include="..\br\Graphics\Lowlevel\Texture.h">
      <Filter>Graphics\Lowlevel</Filter>
    </ClInclude>
    <ClInclude Include="..\br\Graphics\Lowlevel\VertexArray.h">
      <Filter>Graphics\Lowlevel</Filter>
    </ClInclude>
    <ClInclude Include="..\br\Graphics\Shaders\Shader.h">
      <Filter>Graphics\Shaders</Filter>
    </ClInclude>
    <ClInclude Include="..\br\Graphics\Shaders\ShaderHandler.h">
      <Filter>Graphics\Shaders</Filter>
    </ClInclude>
    <ClInclude Include="..\br\Graphics\Shadows\ShadowCasterTexture.h">
      <Filter>Graphics\Shadows</Filter>
    </ClInclude>
    <ClInclude Include="..\br\Graphics\Shadows\ShadowHandler.h">
      <Filter>Graphics\Shadows</Filter>
    </ClInclude>
    <ClInclude Include="..\br\Graphics\Shadows\ShadowMap.h">
      <Filter>Graphics\Shadows</Filter>
    </ClInclude>
    <ClInclude Include="..\br\Input\KeyInput.h">
      <Filter>Input</Filter>
    </ClInclude>
    <ClInclude Include="..\br\Input\MouseButtonInput.h">
      <Filter>Input</Filter>
    </ClInclude>
    <ClInclude Include="..\br\Input\MousePosInput.h">
      <Filter>Input</Filter>
    </ClInclude>
    <ClInclude Include="..\br\LodePng\lodepng.h">
      <Filter>LodePng</Filter>
    </ClInclude>
    <ClInclude Include="..\br\Logic\Collision\CollisionBox.h">
      <Filter>Logic\Collision</Filter>
    </ClInclude>
    <ClInclude Include="..\br\Logic\Collision\CollisionHandler.h">
      <Filter>Logic\Collision</Filter>
    </ClInclude>
    <ClInclude Include="..\br\Logic\DrawableEntity.h">
      <Filter>Logic</Filter>
    </ClInclude>
    <ClInclude Include="..\br\Logic\GameState\Application.h">
      <Filter>Logic\GameState</Filter>
    </ClInclude>
    <ClInclude Include="..\br\Logic\GameState\State.h">
      <Filter>Logic\GameState</Filter>
    </ClInclude>
    <ClInclude Include="..\br\Logic\GameState\StateMachine.h">
      <Filter>Logic\GameState</Filter>
    </ClInclude>
    <ClInclude Include="..\br\Logic\GameState\States\GameState.h">
      <Filter>Logic\GameState\States</Filter>
    </ClInclude>
    <ClInclude Include="..\br\Logic\GameState\States\MainMenu.h">
      <Filter>Logic\GameState\States</Filter>
    </ClInclude>
    <ClInclude Include="..\br\Logic\GameState\States\OptionMenu.h">
      <Filter>Logic\GameState\States</Filter>
    </ClInclude>
    <ClInclude Include="..\br\Logic\GameState\States\OverState.h">
      <Filter>Logic\GameState\States</Filter>
    </ClInclude>
    <ClInclude Include="..\br\Logic\Inventory\Inventory.h">
      <Filter>Logic\Inventory</Filter>
    </ClInclude>
    <ClInclude Include="..\br\Logic\Inventory\InventoryItem.h">
      <Filter>Logic\Inventory</Filter>
    </ClInclude>
    <ClInclude Include="..\br\Logic\Level.h">
      <Filter>Logic</Filter>
    </ClInclude>
    <ClInclude Include="..\br\Logic\Player.h">
      <Filter>Logic</Filter>
    </ClInclude>
    <ClInclude Include="..\br\Logic\Weapons\Ammunition.h">
      <Filter>Logic\Weapons</Filter>
    </ClInclude>
    <ClInclude Include="..\br\Logic\Weapons\AssaultRifle.h">
      <Filter>Logic\Weapons</Filter>
    </ClInclude>
    <ClInclude Include="..\br\Logic\Weapons\Bullet.h">
      <Filter>Logic\Weapons</Filter>
    </ClInclude>
    <ClInclude Include="..\br\Logic\Weapons\Weapon.h">
      <Filter>Logic\Weapons</Filter>
    </ClInclude>
    <ClInclude Include="..\br\Tmx\base64\base64.h">
      <Filter>Tmx\base64</Filter>
    </ClInclude>
    <ClInclude Include="..\br\Tmx\tinyxml\tinyxml2.h">
      <Filter>Tmx\tinyxml</Filter>
    </ClInclude>
    <ClInclude Include="..\br\Tmx\Tmx.h">
      <Filter>Tmx</Filter>
    </ClInclude>
    <ClInclude Include="..\br\Tmx\TmxEllipse.h">
      <Filter>Tmx</Filter>
    </ClInclude>
    <ClInclude Include="..\br\Tmx\TmxImage.h">
      <Filter>Tmx</Filter>
    </ClInclude>
    <ClInclude Include="..\br\Tmx\TmxImageLayer.h">
      <Filter>Tmx</Filter>
    </ClInclude>
    <ClInclude Include="..\br\Tmx\TmxLayer.h">
      <Filter>Tmx</Filter>
    </ClInclude>
    <ClInclude Include="..\br\Tmx\TmxMap.h">
      <Filter>Tmx</Filter>
    </ClInclude>
    <ClInclude Include="..\br\Tmx\TmxMapTile.h">
      <Filter>Tmx</Filter>
    </ClInclude>
    <ClInclude Include="..\br\Tmx\TmxObject.h">
      <Filter>Tmx</Filter>
    </ClInclude>
    <ClInclude Include="..\br\Tmx\TmxObjectGroup.h">
      <Filter>Tmx</Filter>
    </ClInclude>
    <ClInclude Include="..\br\Tmx\TmxPoint.h">
      <Filter>Tmx</Filter>
    </ClInclude>
    <ClInclude Include="..\br\Tmx\TmxPolygon.h">
      <Filter>Tmx</Filter>
    </ClInclude>
    <ClInclude Include="..\br\Tmx\TmxPolyline.h">
      <Filter>Tmx</Filter>
    </ClInclude>
    <ClInclude Include="..\br\Tmx\TmxPropertySet.h">
      <Filter>Tmx</Filter>
    </ClInclude>
    <ClInclude Include="..\br\Tmx\TmxTerrain.h">
      <Filter>Tmx</Filter>
    </ClInclude>
    <ClInclude Include="..\br\Tmx\TmxTerrainArray.h">
      <Filter>Tmx</Filter>
    </ClInclude>
    <ClInclude Include="..\br\Tmx\TmxTile.h">
      <Filter>Tmx</Filter>
    </ClInclude>
    <ClInclude Include="..\br\Tmx\TmxTileLayer.h">
      <Filter>Tmx</Filter>
    </ClInclude>
    <ClInclude Include="..\br\Tmx\TmxTileOffset.h">
      <Filter>Tmx</Filter>
    </ClInclude>
    <ClInclude Include="..\br\Tmx\TmxTileset.h">
      <Filter>Tmx</Filter>
    </ClInclude>
    <ClInclude Include="..\br\Tmx\TmxUtil.h">
      <Filter>Tmx</Filter>
    </ClInclude>
    <ClInclude Include="..\br\Tmx\zlib\crc32.h">
      <Filter>Tmx\zlib</Filter>
    </ClInclude>
    <ClInclude Include="..\br\Tmx\zlib\deflate.h">
      <Filter>Tmx\zlib</Filter>
    </ClInclude>
    <ClInclude Include="..\br\Tmx\zlib\inffast.h">
      <Filter>Tmx\zlib</Filter>
    </ClInclude>
    <ClInclude Include="..\br\Tmx\zlib\inffixed.h">
      <Filter>Tmx\zlib</Filter>
    </ClInclude>
    <ClInclude Include="..\br\Tmx\zlib\inflate.h">
      <Filter>Tmx\zlib</Filter>
    </ClInclude>
    <ClInclude Include="..\br\Tmx\zlib\inftrees.h">
      <Filter>Tmx\zlib</Filter>
    </ClInclude>
    <ClInclude Include="..\br\Tmx\zlib\trees.h">
      <Filter>Tmx\zlib</Filter>
    </ClInclude>
    <ClInclude Include="..\br\Tmx\zlib\zconf.h">
      <Filter>Tmx\zlib</Filter>
    </ClInclude>
    <ClInclude Include="..\br\Tmx\zlib\zconf.in.h">
      <Filter>Tmx\zlib</Filter>
    </ClInclude>
    <ClInclude Include="..\br\Tmx\zlib\zlib.h">
      <Filter>Tmx\zlib</Filter>
    </ClInclude>
    <ClInclude Include="..\br\Tmx\zlib\zutil.h">
      <Filter>Tmx\zlib</Filter>
    </ClInclude>
    <ClInclude Include="..\br\Utils\ConfigUtils.h">
      <Filter>Utils</Filter>
    </ClInclude>
    <ClInclude Include="..\br\Utils\GraphicsUtils.h">
      <Filter>Utils</Filter>
    </ClInclude>
    <ClInclude Include="..\br\Utils\LevelUtils.h">
      <Filter>Utils</Filter>
    </ClInclude>
    <ClInclude Include="..\br\Utils\MathUtils.h">
      <Filter>Utils</Filter>
    </ClInclude>
    <ClInclude Include="..\br\Utils\ResourceHandler.h">
      <Filter>Utils</Filter>
    </ClInclude>
    <ClInclude Include="..\br\Utils\ShaderUtils.h">
      <Filter>Utils</Filter>
    </ClInclude>
    <ClInclude Include="..\br\Utils\Timer.h">
      <Filter>Utils</Filter>
    </ClInclude>
  </ItemGroup>
</Project>